// !$*UTF8*$!
{
	archiveVersion = 1;
	classes = {
	};
	objectVersion = 50;
	objects = {

/* Begin PBXBuildFile section */
		447E73F0248D94D900B24C48 /* AppDelegate.swift in Sources */ = {isa = PBXBuildFile; fileRef = 447E73EF248D94D900B24C48 /* AppDelegate.swift */; };
		447E73F2248D94D900B24C48 /* SceneDelegate.swift in Sources */ = {isa = PBXBuildFile; fileRef = 447E73F1248D94D900B24C48 /* SceneDelegate.swift */; };
		447E73F4248D94D900B24C48 /* ViewController.swift in Sources */ = {isa = PBXBuildFile; fileRef = 447E73F3248D94D900B24C48 /* ViewController.swift */; };
		447E73F7248D94D900B24C48 /* Main.storyboard in Resources */ = {isa = PBXBuildFile; fileRef = 447E73F5248D94D900B24C48 /* Main.storyboard */; };
		447E73F9248D94DE00B24C48 /* Assets.xcassets in Resources */ = {isa = PBXBuildFile; fileRef = 447E73F8248D94DE00B24C48 /* Assets.xcassets */; };
		447E73FC248D94DE00B24C48 /* LaunchScreen.storyboard in Resources */ = {isa = PBXBuildFile; fileRef = 447E73FA248D94DE00B24C48 /* LaunchScreen.storyboard */; };
/* End PBXBuildFile section */

/* Begin PBXFileReference section */
		447E73EC248D94D900B24C48 /* Latihan App.app */ = {isa = PBXFileReference; explicitFileType = wrapper.application; includeInIndex = 0; path = "Latihan App.app"; sourceTree = BUILT_PRODUCTS_DIR; };
		447E73EF248D94D900B24C48 /* AppDelegate.swift */ = {isa = PBXFileReference; lastKnownFileType = sourcecode.swift; path = AppDelegate.swift; sourceTree = "<group>"; };
		447E73F1248D94D900B24C48 /* SceneDelegate.swift */ = {isa = PBXFileReference; lastKnownFileType = sourcecode.swift; path = SceneDelegate.swift; sourceTree = "<group>"; };
		447E73F3248D94D900B24C48 /* ViewController.swift */ = {isa = PBXFileReference; lastKnownFileType = sourcecode.swift; path = ViewController.swift; sourceTree = "<group>"; };
		447E73F6248D94D900B24C48 /* Base */ = {isa = PBXFileReference; lastKnownFileType = file.storyboard; name = Base; path = Base.lproj/Main.storyboard; sourceTree = "<group>"; };
		447E73F8248D94DE00B24C48 /* Assets.xcassets */ = {isa = PBXFileReference; lastKnownFileType = folder.assetcatalog; path = Assets.xcassets; sourceTree = "<group>"; };
		447E73FB248D94DE00B24C48 /* Base */ = {isa = PBXFileReference; lastKnownFileType = file.storyboard; name = Base; path = Base.lproj/LaunchScreen.storyboard; sourceTree = "<group>"; };
		447E73FD248D94DE00B24C48 /* Info.plist */ = {isa = PBXFileReference; lastKnownFileType = text.plist.xml; path = Info.plist; sourceTree = "<group>"; };
/* End PBXFileReference section */

/* Begin PBXFrameworksBuildPhase section */
		447E73E9248D94D900B24C48 /* Frameworks */ = {
			isa = PBXFrameworksBuildPhase;
			buildActionMask = 2147483647;
			files = (
			);
			runOnlyForDeploymentPostprocessing = 0;
		};
/* End PBXFrameworksBuildPhase section */

/* Begin PBXGroup section */
		447E73E3248D94D900B24C48 = {
			isa = PBXGroup;
			children = (
				447E73EE248D94D900B24C48 /* Latihan App */,
				447E73ED248D94D900B24C48 /* Products */,
			);
			sourceTree = "<group>";
		};
		447E73ED248D94D900B24C48 /* Products */ = {
			isa = PBXGroup;
			children = (
				447E73EC248D94D900B24C48 /* Latihan App.app */,
			);
			name = Products;
			sourceTree = "<group>";
		};
		447E73EE248D94D900B24C48 /* Latihan App */ = {
			isa = PBXGroup;
			children = (
				447E73EF248D94D900B24C48 /* AppDelegate.swift */,
				447E73F1248D94D900B24C48 /* SceneDelegate.swift */,
				447E73F3248D94D900B24C48 /* ViewController.swift */,
				447E73F5248D94D900B24C48 /* Main.storyboard */,
				447E73F8248D94DE00B24C48 /* Assets.xcassets */,
				447E73FA248D94DE00B24C48 /* LaunchScreen.storyboard */,
				447E73FD248D94DE00B24C48 /* Info.plist */,
			);
			path = "Latihan App";
			sourceTree = "<group>";
		};
/* End PBXGroup section */

/* Begin PBXNativeTarget section */
		447E73EB248D94D900B24C48 /* Latihan App */ = {
			isa = PBXNativeTarget;
			buildConfigurationList = 447E7400248D94DE00B24C48 /* Build configuration list for PBXNativeTarget "Latihan App" */;
			buildPhases = (
				447E73E8248D94D900B24C48 /* Sources */,
				447E73E9248D94D900B24C48 /* Frameworks */,
				447E73EA248D94D900B24C48 /* Resources */,
			);
			buildRules = (
			);
			dependencies = (
			);
			name = "Latihan App";
			productName = "Latihan App";
			productReference = 447E73EC248D94D900B24C48 /* Latihan App.app */;
			productType = "com.apple.product-type.application";
		};
/* End PBXNativeTarget section */

/* Begin PBXProject section */
		447E73E4248D94D900B24C48 /* Project object */ = {
			isa = PBXProject;
			attributes = {
				LastSwiftUpdateCheck = 1150;
				LastUpgradeCheck = 1150;
				ORGANIZATIONNAME = "Cesa Anwar";
				TargetAttributes = {
					447E73EB248D94D900B24C48 = {
						CreatedOnToolsVersion = 11.5;
					};
				};
			};
			buildConfigurationList = 447E73E7248D94D900B24C48 /* Build configuration list for PBXProject "Latihan App" */;
			compatibilityVersion = "Xcode 9.3";
			developmentRegion = en;
			hasScannedForEncodings = 0;
			knownRegions = (
				en,
				Base,
			);
			mainGroup = 447E73E3248D94D900B24C48;
			productRefGroup = 447E73ED248D94D900B24C48 /* Products */;
			projectDirPath = "";
			projectRoot = "";
			targets = (
				447E73EB248D94D900B24C48 /* Latihan App */,
			);
		};
/* End PBXProject section */

/* Begin PBXResourcesBuildPhase section */
		447E73EA248D94D900B24C48 /* Resources */ = {
			isa = PBXResourcesBuildPhase;
			buildActionMask = 2147483647;
			files = (
				447E73FC248D94DE00B24C48 /* LaunchScreen.storyboard in Resources */,
				447E73F9248D94DE00B24C48 /* Assets.xcassets in Resources */,
				447E73F7248D94D900B24C48 /* Main.storyboard in Resources */,
			);
			runOnlyForDeploymentPostprocessing = 0;
		};
/* End PBXResourcesBuildPhase section */

/* Begin PBXSourcesBuildPhase section */
		447E73E8248D94D900B24C48 /* Sources */ = {
			isa = PBXSourcesBuildPhase;
			buildActionMask = 2147483647;
			files = (
				447E73F4248D94D900B24C48 /* ViewController.swift in Sources */,
				447E73F0248D94D900B24C48 /* AppDelegate.swift in Sources */,
				447E73F2248D94D900B24C48 /* SceneDelegate.swift in Sources */,
			);
			runOnlyForDeploymentPostprocessing = 0;
		};
/* End PBXSourcesBuildPhase section */

/* Begin PBXVariantGroup section */
		447E73F5248D94D900B24C48 /* Main.storyboard */ = {
			isa = PBXVariantGroup;
			children = (
				447E73F6248D94D900B24C48 /* Base */,
			);
			name = Main.storyboard;
			sourceTree = "<group>";
		};
		447E73FA248D94DE00B24C48 /* LaunchScreen.storyboard */ = {
			isa = PBXVariantGroup;
			children = (
				447E73FB248D94DE00B24C48 /* Base */,
			);
			name = LaunchScreen.storyboard;
			sourceTree = "<group>";
		};
/* End PBXVariantGroup section */

/* Begin XCBuildConfiguration section */
		447E73FE248D94DE00B24C48 /* Debug */ = {
			isa = XCBuildConfiguration;
			buildSettings = {
				ALWAYS_SEARCH_USER_PATHS = NO;
				CLANG_ANALYZER_NONNULL = YES;
				CLANG_ANALYZER_NUMBER_OBJECT_CONVERSION = YES_AGGRESSIVE;
				CLANG_CXX_LANGUAGE_STANDARD = "gnu++14";
				CLANG_CXX_LIBRARY = "libc++";
				CLANG_ENABLE_MODULES = YES;
				CLANG_ENABLE_OBJC_ARC = YES;
				CLANG_ENABLE_OBJC_WEAK = YES;
				CLANG_WARN_BLOCK_CAPTURE_AUTORELEASING = YES;
				CLANG_WARN_BOOL_CONVERSION = YES;
				CLANG_WARN_COMMA = YES;
				CLANG_WARN_CONSTANT_CONVERSION = YES;
				CLANG_WARN_DEPRECATED_OBJC_IMPLEMENTATIONS = YES;
				CLANG_WARN_DIRECT_OBJC_ISA_USAGE = YES_ERROR;
				CLANG_WARN_DOCUMENTATION_COMMENTS = YES;
				CLANG_WARN_EMPTY_BODY = YES;
				CLANG_WARN_ENUM_CONVERSION = YES;
				CLANG_WARN_INFINITE_RECURSION = YES;
				CLANG_WARN_INT_CONVERSION = YES;
				CLANG_WARN_NON_LITERAL_NULL_CONVERSION = YES;
				CLANG_WARN_OBJC_IMPLICIT_RETAIN_SELF = YES;
				CLANG_WARN_OBJC_LITERAL_CONVERSION = YES;
				CLANG_WARN_OBJC_ROOT_CLASS = YES_ERROR;
				CLANG_WARN_RANGE_LOOP_ANALYSIS = YES;
				CLANG_WARN_STRICT_PROTOTYPES = YES;
				CLANG_WARN_SUSPICIOUS_MOVE = YES;
				CLANG_WARN_UNGUARDED_AVAILABILITY = YES_AGGRESSIVE;
				CLANG_WARN_UNREACHABLE_CODE = YES;
				CLANG_WARN__DUPLICATE_METHOD_MATCH = YES;
				COPY_PHASE_STRIP = NO;
				DEBUG_INFORMATION_FORMAT = dwarf;
				ENABLE_STRICT_OBJC_MSGSEND = YES;
				ENABLE_TESTABILITY = YES;
				GCC_C_LANGUAGE_STANDARD = gnu11;
				GCC_DYNAMIC_NO_PIC = NO;
				GCC_NO_COMMON_BLOCKS = YES;
				GCC_OPTIMIZATION_LEVEL = 0;
				GCC_PREPROCESSOR_DEFINITIONS = (
					"DEBUG=1",
					"$(inherited)",
				);
				GCC_WARN_64_TO_32_BIT_CONVERSION = YES;
				GCC_WARN_ABOUT_RETURN_TYPE = YES_ERROR;
				GCC_WARN_UNDECLARED_SELECTOR = YES;
				GCC_WARN_UNINITIALIZED_AUTOS = YES_AGGRESSIVE;
				GCC_WARN_UNUSED_FUNCTION = YES;
				GCC_WARN_UNUSED_VARIABLE = YES;
				IPHONEOS_DEPLOYMENT_TARGET = 13.5;
				MTL_ENABLE_DEBUG_INFO = INCLUDE_SOURCE;
				MTL_FAST_MATH = YES;
				ONLY_ACTIVE_ARCH = YES;
				SDKROOT = iphoneos;
				SWIFT_ACTIVE_COMPILATION_CONDITIONS = DEBUG;
				SWIFT_OPTIMIZATION_LEVEL = "-Onone";
			};
			name = Debug;
		};
		447E73FF248D94DE00B24C48 /* Release */ = {
			isa = XCBuildConfiguration;
			buildSettings = {
				ALWAYS_SEARCH_USER_PATHS = NO;
				CLANG_ANALYZER_NONNULL = YES;
				CLANG_ANALYZER_NUMBER_OBJECT_CONVERSION = YES_AGGRESSIVE;
				CLANG_CXX_LANGUAGE_STANDARD = "gnu++14";
				CLANG_CXX_LIBRARY = "libc++";
				CLANG_ENABLE_MODULES = YES;
				CLANG_ENABLE_OBJC_ARC = YES;
				CLANG_ENABLE_OBJC_WEAK = YES;
				CLANG_WARN_BLOCK_CAPTURE_AUTORELEASING = YES;
				CLANG_WARN_BOOL_CONVERSION = YES;
				CLANG_WARN_COMMA = YES;
				CLANG_WARN_CONSTANT_CONVERSION = YES;
				CLANG_WARN_DEPRECATED_OBJC_IMPLEMENTATIONS = YES;
				CLANG_WARN_DIRECT_OBJC_ISA_USAGE = YES_ERROR;
				CLANG_WARN_DOCUMENTATION_COMMENTS = YES;
				CLANG_WARN_EMPTY_BODY = YES;
				CLANG_WARN_ENUM_CONVERSION = YES;
				CLANG_WARN_INFINITE_RECURSION = YES;
				CLANG_WARN_INT_CONVERSION = YES;
				CLANG_WARN_NON_LITERAL_NULL_CONVERSION = YES;
				CLANG_WARN_OBJC_IMPLICIT_RETAIN_SELF = YES;
				CLANG_WARN_OBJC_LITERAL_CONVERSION = YES;
				CLANG_WARN_OBJC_ROOT_CLASS = YES_ERROR;
				CLANG_WARN_RANGE_LOOP_ANALYSIS = YES;
				CLANG_WARN_STRICT_PROTOTYPES = YES;
				CLANG_WARN_SUSPICIOUS_MOVE = YES;
				CLANG_WARN_UNGUARDED_AVAILABILITY = YES_AGGRESSIVE;
				CLANG_WARN_UNREACHABLE_CODE = YES;
				CLANG_WARN__DUPLICATE_METHOD_MATCH = YES;
				COPY_PHASE_STRIP = NO;
				DEBUG_INFORMATION_FORMAT = "dwarf-with-dsym";
				ENABLE_NS_ASSERTIONS = NO;
				ENABLE_STRICT_OBJC_MSGSEND = YES;
				GCC_C_LANGUAGE_STANDARD = gnu11;
				GCC_NO_COMMON_BLOCKS = YES;
				GCC_WARN_64_TO_32_BIT_CONVERSION = YES;
				GCC_WARN_ABOUT_RETURN_TYPE = YES_ERROR;
				GCC_WARN_UNDECLARED_SELECTOR = YES;
				GCC_WARN_UNINITIALIZED_AUTOS = YES_AGGRESSIVE;
				GCC_WARN_UNUSED_FUNCTION = YES;
				GCC_WARN_UNUSED_VARIABLE = YES;
				IPHONEOS_DEPLOYMENT_TARGET = 13.5;
				MTL_ENABLE_DEBUG_INFO = NO;
				MTL_FAST_MATH = YES;
				SDKROOT = iphoneos;
				SWIFT_COMPILATION_MODE = wholemodule;
				SWIFT_OPTIMIZATION_LEVEL = "-O";
				VALIDATE_PRODUCT = YES;
			};
			name = Release;
		};
		447E7401248D94DE00B24C48 /* Debug */ = {
			isa = XCBuildConfiguration;
			buildSettings = {
				ASSETCATALOG_COMPILER_APPICON_NAME = AppIcon;
				CODE_SIGN_STYLE = Automatic;
				DEVELOPMENT_TEAM = UU7Q7555KJ;
				INFOPLIST_FILE = "Latihan App/Info.plist";
				LD_RUNPATH_SEARCH_PATHS = (
					"$(inherited)",
					"@executable_path/Frameworks",
				);
				PRODUCT_BUNDLE_IDENTIFIER = "com.murkoto.Latihan-App";
				PRODUCT_NAME = "$(TARGET_NAME)";
				SWIFT_VERSION = 5.0;
				TARGETED_DEVICE_FAMILY = "1,2";
			};
			name = Debug;
		};
		447E7402248D94DE00B24C48 /* Release */ = {
			isa = XCBuildConfiguration;
			buildSettings = {
				ASSETCATALOG_COMPILER_APPICON_NAME = AppIcon;
				CODE_SIGN_STYLE = Automatic;
				DEVELOPMENT_TEAM = UU7Q7555KJ;
				INFOPLIST_FILE = "Latihan App/Info.plist";
				LD_RUNPATH_SEARCH_PATHS = (
					"$(inherited)",
					"@executable_path/Frameworks",
				);
				PRODUCT_BUNDLE_IDENTIFIER = "com.murkoto.Latihan-App";
				PRODUCT_NAME = "$(TARGET_NAME)";
				SWIFT_VERSION = 5.0;
				TARGETED_DEVICE_FAMILY = "1,2";
			};
			name = Release;
		};
/* End XCBuildConfiguration section */

/* Begin XCConfigurationList section */
		447E73E7248D94D900B24C48 /* Build configuration list for PBXProject "Latihan App" */ = {
			isa = XCConfigurationList;
			buildConfigurations = (
				447E73FE248D94DE00B24C48 /* Debug */,
				447E73FF248D94DE00B24C48 /* Release */,
			);
			defaultConfigurationIsVisible = 0;
			defaultConfigurationName = Release;
		};
		447E7400248D94DE00B24C48 /* Build configuration list for PBXNativeTarget "Latihan App" */ = {
			isa = XCConfigurationList;
			buildConfigurations = (
				447E7401248D94DE00B24C48 /* Debug */,
				447E7402248D94DE00B24C48 /* Release */,
			);
			defaultConfigurationIsVisible = 0;
			defaultConfigurationName = Release;
		};
/* End XCConfigurationList section */
	};
	rootObject = 447E73E4248D94D900B24C48 /* Project object */;
}
